// !$*UTF8*$!
{
	archiveVersion = 1;
	classes = {
	};
	objectVersion = 54;
	objects = {

/* Begin PBXBuildFile section */
		0C80B921A6F3F58F76C31292 /* libPods-Bazar.a in Frameworks */ = {isa = PBXBuildFile; fileRef = 5DCACB8F33CDC322A6C60F78 /* libPods-Bazar.a */; };
		13B07FBF1A68108700A75B9A /* Images.xcassets in Resources */ = {isa = PBXBuildFile; fileRef = 13B07FB51A68108700A75B9A /* Images.xcassets */; };
		761780ED2CA45674006654EE /* AppDelegate.swift in Sources */ = {isa = PBXBuildFile; fileRef = 761780EC2CA45674006654EE /* AppDelegate.swift */; };
		81AB9BB82411601600AC10FF /* LaunchScreen.storyboard in Resources */ = {isa = PBXBuildFile; fileRef = 81AB9BB72411601600AC10FF /* LaunchScreen.storyboard */; };
		8EABC633370E48CCAD614105 /* PaytoneOne-Regular.ttf in Resources */ = {isa = PBXBuildFile; fileRef = E82AAB60F5094D4496656084 /* PaytoneOne-Regular.ttf */; };
		EC33ADAB6981489B9BE8C0FD /* Work Sans Bold.ttf in Resources */ = {isa = PBXBuildFile; fileRef = D95B3734D129476E9CBC26A3 /* Work Sans Bold.ttf */; };
		742FB7A8B0BB4AB1828F847E /* Work Sans Regular.ttf in Resources */ = {isa = PBXBuildFile; fileRef = 2B975C6E880948C4ABCD529B /* Work Sans Regular.ttf */; };
		4AD1192544BC48EEB3495F86 /* appleicon.jpg in Resources */ = {isa = PBXBuildFile; fileRef = C1F5DCBB3A9A451988AE5C36 /* appleicon.jpg */; };
		F470F2950DA54ED7AC0BF754 /* congrats.png in Resources */ = {isa = PBXBuildFile; fileRef = 3ADA1CB749174CADB58AC71F /* congrats.png */; };
		51F3A11AE3BC4157BA368149 /* googleicon.png in Resources */ = {isa = PBXBuildFile; fileRef = 917838D988574A259C01F226 /* googleicon.png */; };
		9908EE13C1574D4B8C5D6596 /* h1.png in Resources */ = {isa = PBXBuildFile; fileRef = 5553CA170CAB4F378CB7D3B7 /* h1.png */; };
		0D597319FBAD4F8D8F4D52D9 /* logo.png in Resources */ = {isa = PBXBuildFile; fileRef = BC4B1AE26E95458191A41EA0 /* logo.png */; };
		50729505CB0C4E4FA764E3C6 /* slider1.png in Resources */ = {isa = PBXBuildFile; fileRef = 46EBFD57A2634D68B9F55C50 /* slider1.png */; };
		137C4D9D62B94418B7DDE73E /* slider2.png in Resources */ = {isa = PBXBuildFile; fileRef = 2A54A0217ACB43FA94D5F742 /* slider2.png */; };
		CBEB7D0E40AB43649271CB7B /* slider3.png in Resources */ = {isa = PBXBuildFile; fileRef = BB24F3FA178B4009A45AABA2 /* slider3.png */; };
		2BC47CAE38EF4DE184E324FF /* v1.png in Resources */ = {isa = PBXBuildFile; fileRef = BBE5565697E64A7E80B16BA0 /* v1.png */; };
		9BD0A017395E4B649B07637A /* v2.png in Resources */ = {isa = PBXBuildFile; fileRef = CC03C5F1285F45C38389E549 /* v2.png */; };
		8327E8974966427A82C6841A /* v3.png in Resources */ = {isa = PBXBuildFile; fileRef = 62E14FDB601345B2AB85F2A4 /* v3.png */; };
		4CB4D652B97C4352B8E2A4E2 /* v4.png in Resources */ = {isa = PBXBuildFile; fileRef = A7C13639332741D792339974 /* v4.png */; };
		FD8CA1AADF1F441F863BF6C5 /* v5.png in Resources */ = {isa = PBXBuildFile; fileRef = 66499410C74A4E5F8C33681E /* v5.png */; };
		90D9CFA2FCC94024AFECA22D /* v6.png in Resources */ = {isa = PBXBuildFile; fileRef = 70BFDCD3F91943B5BD98DDA0 /* v6.png */; };
		96FBFF54F26F4820A2E661DD /* v7.png in Resources */ = {isa = PBXBuildFile; fileRef = F8B773B16E8B473DAA76B622 /* v7.png */; };
		E0E90B7E1C4448C5AF1A997F /* v8.png in Resources */ = {isa = PBXBuildFile; fileRef = 2AB6771D34CF44B8A74F9383 /* v8.png */; };
		781D1F1B317845BBBD4BDF15 /* avatar.png in Resources */ = {isa = PBXBuildFile; fileRef = 6080453E7DBE4F81AAAA7D4F /* avatar.png */; };
		49445A1D788441BA9FC989A8 /* b2.jpg in Resources */ = {isa = PBXBuildFile; fileRef = 77F4A99BDB0945B59CE166E7 /* b2.jpg */; };
		F1A036CD6EF1411FAA89AC00 /* b3.jpg in Resources */ = {isa = PBXBuildFile; fileRef = CDAB6C883A974A39A94B0BE8 /* b3.jpg */; };
		C3922EC665D0484C8F5627AA /* nb1.jpg in Resources */ = {isa = PBXBuildFile; fileRef = B2358E95FA7F4A15BC2C9FF7 /* nb1.jpg */; };
		DE64D3830C2842DA9F3138A3 /* nb2.jpg in Resources */ = {isa = PBXBuildFile; fileRef = 292BE9B7118D4F28AD034606 /* nb2.jpg */; };
		BA585218B6034C4B9AD34564 /* nb3.jpg in Resources */ = {isa = PBXBuildFile; fileRef = 3A84B519A08E461F820F5B50 /* nb3.jpg */; };
		6D9003CA0719414CBB0C8FE0 /* splash.jpg in Resources */ = {isa = PBXBuildFile; fileRef = 6FA5FF23BB2C4F5EA3AE2C0C /* splash.jpg */; };
		55915259790A4F7AB389F59E /* app_icon.png in Resources */ = {isa = PBXBuildFile; fileRef = 81FEA76EB4F445649B528140 /* app_icon.png */; };
		810D8ADB0578438484A9246E /* Animation - 1751269552260.json in Resources */ = {isa = PBXBuildFile; fileRef = DE7A4F88A0E240DE82259825 /* Animation - 1751269552260.json */; };
/* End PBXBuildFile section */

/* Begin PBXContainerItemProxy section */
		00E356F41AD99517003FC87E /* PBXContainerItemProxy */ = {
			isa = PBXContainerItemProxy;
			containerPortal = 83CBB9F71A601CBA00E9B192 /* Project object */;
			proxyType = 1;
			remoteGlobalIDString = 13B07F861A680F5B00A75B9A;
			remoteInfo = Bazar;
		};
/* End PBXContainerItemProxy section */

/* Begin PBXFileReference section */
		00E356F11AD99517003FC87E /* Info.plist */ = {isa = PBXFileReference; lastKnownFileType = text.plist.xml; path = Info.plist; sourceTree = "<group>"; };
		13B07F961A680F5B00A75B9A /* Bazar.app */ = {isa = PBXFileReference; explicitFileType = wrapper.application; includeInIndex = 0; path = Bazar.app; sourceTree = BUILT_PRODUCTS_DIR; };
		13B07FB51A68108700A75B9A /* Images.xcassets */ = {isa = PBXFileReference; lastKnownFileType = folder.assetcatalog; name = Images.xcassets; path = Bazar/Images.xcassets; sourceTree = "<group>"; };
		13B07FB61A68108700A75B9A /* Info.plist */ = {isa = PBXFileReference; fileEncoding = 4; lastKnownFileType = text.plist.xml; name = Info.plist; path = Bazar/Info.plist; sourceTree = "<group>"; };
		13B07FB81A68108700A75B9A /* PrivacyInfo.xcprivacy */ = {isa = PBXFileReference; fileEncoding = 4; lastKnownFileType = text.plist.xml; name = PrivacyInfo.xcprivacy; path = Bazar/PrivacyInfo.xcprivacy; sourceTree = "<group>"; };
		3B4392A12AC88292D35C810B /* Pods-Bazar.debug.xcconfig */ = {isa = PBXFileReference; includeInIndex = 1; lastKnownFileType = text.xcconfig; name = "Pods-Bazar.debug.xcconfig"; path = "Target Support Files/Pods-Bazar/Pods-Bazar.debug.xcconfig"; sourceTree = "<group>"; };
		5709B34CF0A7D63546082F79 /* Pods-Bazar.release.xcconfig */ = {isa = PBXFileReference; includeInIndex = 1; lastKnownFileType = text.xcconfig; name = "Pods-Bazar.release.xcconfig"; path = "Target Support Files/Pods-Bazar/Pods-Bazar.release.xcconfig"; sourceTree = "<group>"; };
		5DCACB8F33CDC322A6C60F78 /* libPods-Bazar.a */ = {isa = PBXFileReference; explicitFileType = archive.ar; includeInIndex = 0; path = "libPods-Bazar.a"; sourceTree = BUILT_PRODUCTS_DIR; };
		761780EC2CA45674006654EE /* AppDelegate.swift */ = {isa = PBXFileReference; lastKnownFileType = sourcecode.swift; name = AppDelegate.swift; path = Bazar/AppDelegate.swift; sourceTree = "<group>"; };
		81AB9BB72411601600AC10FF /* LaunchScreen.storyboard */ = {isa = PBXFileReference; fileEncoding = 4; lastKnownFileType = file.storyboard; name = LaunchScreen.storyboard; path = Bazar/LaunchScreen.storyboard; sourceTree = "<group>"; };
		ED297162215061F000B7C4FE /* JavaScriptCore.framework */ = {isa = PBXFileReference; lastKnownFileType = wrapper.framework; name = JavaScriptCore.framework; path = System/Library/Frameworks/JavaScriptCore.framework; sourceTree = SDKROOT; };
		E82AAB60F5094D4496656084 /* PaytoneOne-Regular.ttf */ = {isa = PBXFileReference; name = "PaytoneOne-Regular.ttf"; path = "../assets/fonts/PaytoneOne-Regular.ttf"; sourceTree = "<group>"; fileEncoding = undefined; lastKnownFileType = unknown; explicitFileType = undefined; includeInIndex = 0; };
		D95B3734D129476E9CBC26A3 /* Work Sans Bold.ttf */ = {isa = PBXFileReference; name = "Work Sans Bold.ttf"; path = "../assets/fonts/Work Sans Bold.ttf"; sourceTree = "<group>"; fileEncoding = undefined; lastKnownFileType = unknown; explicitFileType = undefined; includeInIndex = 0; };
		2B975C6E880948C4ABCD529B /* Work Sans Regular.ttf */ = {isa = PBXFileReference; name = "Work Sans Regular.ttf"; path = "../assets/fonts/Work Sans Regular.ttf"; sourceTree = "<group>"; fileEncoding = undefined; lastKnownFileType = unknown; explicitFileType = undefined; includeInIndex = 0; };
		C1F5DCBB3A9A451988AE5C36 /* appleicon.jpg */ = {isa = PBXFileReference; name = "appleicon.jpg"; path = "../assets/img/appleicon.jpg"; sourceTree = "<group>"; fileEncoding = undefined; lastKnownFileType = unknown; explicitFileType = undefined; includeInIndex = 0; };
		3ADA1CB749174CADB58AC71F /* congrats.png */ = {isa = PBXFileReference; name = "congrats.png"; path = "../assets/img/congrats.png"; sourceTree = "<group>"; fileEncoding = undefined; lastKnownFileType = unknown; explicitFileType = undefined; includeInIndex = 0; };
		917838D988574A259C01F226 /* googleicon.png */ = {isa = PBXFileReference; name = "googleicon.png"; path = "../assets/img/googleicon.png"; sourceTree = "<group>"; fileEncoding = undefined; lastKnownFileType = unknown; explicitFileType = undefined; includeInIndex = 0; };
		5553CA170CAB4F378CB7D3B7 /* h1.png */ = {isa = PBXFileReference; name = "h1.png"; path = "../assets/img/h1.png"; sourceTree = "<group>"; fileEncoding = undefined; lastKnownFileType = unknown; explicitFileType = undefined; includeInIndex = 0; };
		BC4B1AE26E95458191A41EA0 /* logo.png */ = {isa = PBXFileReference; name = "logo.png"; path = "../assets/img/logo.png"; sourceTree = "<group>"; fileEncoding = undefined; lastKnownFileType = unknown; explicitFileType = undefined; includeInIndex = 0; };
		46EBFD57A2634D68B9F55C50 /* slider1.png */ = {isa = PBXFileReference; name = "slider1.png"; path = "../assets/img/slider1.png"; sourceTree = "<group>"; fileEncoding = undefined; lastKnownFileType = unknown; explicitFileType = undefined; includeInIndex = 0; };
		2A54A0217ACB43FA94D5F742 /* slider2.png */ = {isa = PBXFileReference; name = "slider2.png"; path = "../assets/img/slider2.png"; sourceTree = "<group>"; fileEncoding = undefined; lastKnownFileType = unknown; explicitFileType = undefined; includeInIndex = 0; };
		BB24F3FA178B4009A45AABA2 /* slider3.png */ = {isa = PBXFileReference; name = "slider3.png"; path = "../assets/img/slider3.png"; sourceTree = "<group>"; fileEncoding = undefined; lastKnownFileType = unknown; explicitFileType = undefined; includeInIndex = 0; };
		BBE5565697E64A7E80B16BA0 /* v1.png */ = {isa = PBXFileReference; name = "v1.png"; path = "../assets/img/v1.png"; sourceTree = "<group>"; fileEncoding = undefined; lastKnownFileType = unknown; explicitFileType = undefined; includeInIndex = 0; };
		CC03C5F1285F45C38389E549 /* v2.png */ = {isa = PBXFileReference; name = "v2.png"; path = "../assets/img/v2.png"; sourceTree = "<group>"; fileEncoding = undefined; lastKnownFileType = unknown; explicitFileType = undefined; includeInIndex = 0; };
		62E14FDB601345B2AB85F2A4 /* v3.png */ = {isa = PBXFileReference; name = "v3.png"; path = "../assets/img/v3.png"; sourceTree = "<group>"; fileEncoding = undefined; lastKnownFileType = unknown; explicitFileType = undefined; includeInIndex = 0; };
		A7C13639332741D792339974 /* v4.png */ = {isa = PBXFileReference; name = "v4.png"; path = "../assets/img/v4.png"; sourceTree = "<group>"; fileEncoding = undefined; lastKnownFileType = unknown; explicitFileType = undefined; includeInIndex = 0; };
		66499410C74A4E5F8C33681E /* v5.png */ = {isa = PBXFileReference; name = "v5.png"; path = "../assets/img/v5.png"; sourceTree = "<group>"; fileEncoding = undefined; lastKnownFileType = unknown; explicitFileType = undefined; includeInIndex = 0; };
		70BFDCD3F91943B5BD98DDA0 /* v6.png */ = {isa = PBXFileReference; name = "v6.png"; path = "../assets/img/v6.png"; sourceTree = "<group>"; fileEncoding = undefined; lastKnownFileType = unknown; explicitFileType = undefined; includeInIndex = 0; };
		F8B773B16E8B473DAA76B622 /* v7.png */ = {isa = PBXFileReference; name = "v7.png"; path = "../assets/img/v7.png"; sourceTree = "<group>"; fileEncoding = undefined; lastKnownFileType = unknown; explicitFileType = undefined; includeInIndex = 0; };
		2AB6771D34CF44B8A74F9383 /* v8.png */ = {isa = PBXFileReference; name = "v8.png"; path = "../assets/img/v8.png"; sourceTree = "<group>"; fileEncoding = undefined; lastKnownFileType = unknown; explicitFileType = undefined; includeInIndex = 0; };
		6080453E7DBE4F81AAAA7D4F /* avatar.png */ = {isa = PBXFileReference; name = "avatar.png"; path = "../assets/img/avatar.png"; sourceTree = "<group>"; fileEncoding = undefined; lastKnownFileType = unknown; explicitFileType = undefined; includeInIndex = 0; };
		77F4A99BDB0945B59CE166E7 /* b2.jpg */ = {isa = PBXFileReference; name = "b2.jpg"; path = "../assets/img/b2.jpg"; sourceTree = "<group>"; fileEncoding = undefined; lastKnownFileType = unknown; explicitFileType = undefined; includeInIndex = 0; };
		CDAB6C883A974A39A94B0BE8 /* b3.jpg */ = {isa = PBXFileReference; name = "b3.jpg"; path = "../assets/img/b3.jpg"; sourceTree = "<group>"; fileEncoding = undefined; lastKnownFileType = unknown; explicitFileType = undefined; includeInIndex = 0; };
		B2358E95FA7F4A15BC2C9FF7 /* nb1.jpg */ = {isa = PBXFileReference; name = "nb1.jpg"; path = "../assets/img/nb1.jpg"; sourceTree = "<group>"; fileEncoding = undefined; lastKnownFileType = unknown; explicitFileType = undefined; includeInIndex = 0; };
		292BE9B7118D4F28AD034606 /* nb2.jpg */ = {isa = PBXFileReference; name = "nb2.jpg"; path = "../assets/img/nb2.jpg"; sourceTree = "<group>"; fileEncoding = undefined; lastKnownFileType = unknown; explicitFileType = undefined; includeInIndex = 0; };
		3A84B519A08E461F820F5B50 /* nb3.jpg */ = {isa = PBXFileReference; name = "nb3.jpg"; path = "../assets/img/nb3.jpg"; sourceTree = "<group>"; fileEncoding = undefined; lastKnownFileType = unknown; explicitFileType = undefined; includeInIndex = 0; };
		6FA5FF23BB2C4F5EA3AE2C0C /* splash.jpg */ = {isa = PBXFileReference; name = "splash.jpg"; path = "../assets/img/splash.jpg"; sourceTree = "<group>"; fileEncoding = undefined; lastKnownFileType = unknown; explicitFileType = undefined; includeInIndex = 0; };
		81FEA76EB4F445649B528140 /* app_icon.png */ = {isa = PBXFileReference; name = "app_icon.png"; path = "../assets/img/app_icon.png"; sourceTree = "<group>"; fileEncoding = undefined; lastKnownFileType = unknown; explicitFileType = undefined; includeInIndex = 0; };
		DE7A4F88A0E240DE82259825 /* Animation - 1751269552260.json */ = {isa = PBXFileReference; name = "Animation - 1751269552260.json"; path = "../assets/img/Animation - 1751269552260.json"; sourceTree = "<group>"; fileEncoding = undefined; lastKnownFileType = unknown; explicitFileType = undefined; includeInIndex = 0; };
/* End PBXFileReference section */

/* Begin PBXFrameworksBuildPhase section */
		13B07F8C1A680F5B00A75B9A /* Frameworks */ = {
			isa = PBXFrameworksBuildPhase;
			buildActionMask = 2147483647;
			files = (
				0C80B921A6F3F58F76C31292 /* libPods-Bazar.a in Frameworks */,
			);
			runOnlyForDeploymentPostprocessing = 0;
		};
/* End PBXFrameworksBuildPhase section */

/* Begin PBXGroup section */
		00E356F01AD99517003FC87E /* Supporting Files */ = {
			isa = PBXGroup;
			children = (
				00E356F11AD99517003FC87E /* Info.plist */,
			);
			name = "Supporting Files";
			sourceTree = "<group>";
		};
		13B07FAE1A68108700A75B9A /* Bazar */ = {
			isa = PBXGroup;
			children = (
				13B07FB51A68108700A75B9A /* Images.xcassets */,
				761780EC2CA45674006654EE /* AppDelegate.swift */,
				13B07FB61A68108700A75B9A /* Info.plist */,
				81AB9BB72411601600AC10FF /* LaunchScreen.storyboard */,
				13B07FB81A68108700A75B9A /* PrivacyInfo.xcprivacy */,
			);
			name = Bazar;
			sourceTree = "<group>";
		};
		2D16E6871FA4F8E400B85C8A /* Frameworks */ = {
			isa = PBXGroup;
			children = (
				ED297162215061F000B7C4FE /* JavaScriptCore.framework */,
				5DCACB8F33CDC322A6C60F78 /* libPods-Bazar.a */,
			);
			name = Frameworks;
			sourceTree = "<group>";
		};
		832341AE1AAA6A7D00B99B32 /* Libraries */ = {
			isa = PBXGroup;
			children = (
			);
			name = Libraries;
			sourceTree = "<group>";
		};
		83CBB9F61A601CBA00E9B192 = {
			isa = PBXGroup;
			children = (
				13B07FAE1A68108700A75B9A /* Bazar */,
				832341AE1AAA6A7D00B99B32 /* Libraries */,
				83CBBA001A601CBA00E9B192 /* Products */,
				2D16E6871FA4F8E400B85C8A /* Frameworks */,
				BBD78D7AC51CEA395F1C20DB /* Pods */,
				4223789D004F4C57B85D507D /* Resources */,
			);
			indentWidth = 2;
			sourceTree = "<group>";
			tabWidth = 2;
			usesTabs = 0;
		};
		83CBBA001A601CBA00E9B192 /* Products */ = {
			isa = PBXGroup;
			children = (
				13B07F961A680F5B00A75B9A /* Bazar.app */,
			);
			name = Products;
			sourceTree = "<group>";
		};
		BBD78D7AC51CEA395F1C20DB /* Pods */ = {
			isa = PBXGroup;
			children = (
				3B4392A12AC88292D35C810B /* Pods-Bazar.debug.xcconfig */,
				5709B34CF0A7D63546082F79 /* Pods-Bazar.release.xcconfig */,
			);
			path = Pods;
			sourceTree = "<group>";
		};
		4223789D004F4C57B85D507D /* Resources */ = {
			isa = "PBXGroup";
			children = (
				E82AAB60F5094D4496656084 /* PaytoneOne-Regular.ttf */,
				D95B3734D129476E9CBC26A3 /* Work Sans Bold.ttf */,
				2B975C6E880948C4ABCD529B /* Work Sans Regular.ttf */,
				C1F5DCBB3A9A451988AE5C36 /* appleicon.jpg */,
				3ADA1CB749174CADB58AC71F /* congrats.png */,
				917838D988574A259C01F226 /* googleicon.png */,
				5553CA170CAB4F378CB7D3B7 /* h1.png */,
				BC4B1AE26E95458191A41EA0 /* logo.png */,
				46EBFD57A2634D68B9F55C50 /* slider1.png */,
				2A54A0217ACB43FA94D5F742 /* slider2.png */,
				BB24F3FA178B4009A45AABA2 /* slider3.png */,
				BBE5565697E64A7E80B16BA0 /* v1.png */,
				CC03C5F1285F45C38389E549 /* v2.png */,
				62E14FDB601345B2AB85F2A4 /* v3.png */,
				A7C13639332741D792339974 /* v4.png */,
				66499410C74A4E5F8C33681E /* v5.png */,
				70BFDCD3F91943B5BD98DDA0 /* v6.png */,
				F8B773B16E8B473DAA76B622 /* v7.png */,
				2AB6771D34CF44B8A74F9383 /* v8.png */,
				6080453E7DBE4F81AAAA7D4F /* avatar.png */,
				77F4A99BDB0945B59CE166E7 /* b2.jpg */,
				CDAB6C883A974A39A94B0BE8 /* b3.jpg */,
				B2358E95FA7F4A15BC2C9FF7 /* nb1.jpg */,
				292BE9B7118D4F28AD034606 /* nb2.jpg */,
				3A84B519A08E461F820F5B50 /* nb3.jpg */,
				6FA5FF23BB2C4F5EA3AE2C0C /* splash.jpg */,
				81FEA76EB4F445649B528140 /* app_icon.png */,
				DE7A4F88A0E240DE82259825 /* Animation - 1751269552260.json */,
			);
			name = Resources;
			sourceTree = "<group>";
			path = "";
		};
/* End PBXGroup section */

/* Begin PBXNativeTarget section */
		13B07F861A680F5B00A75B9A /* Bazar */ = {
			isa = PBXNativeTarget;
			buildConfigurationList = 13B07F931A680F5B00A75B9A /* Build configuration list for PBXNativeTarget "Bazar" */;
			buildPhases = (
				C38B50BA6285516D6DCD4F65 /* [CP] Check Pods Manifest.lock */,
				13B07F871A680F5B00A75B9A /* Sources */,
				13B07F8C1A680F5B00A75B9A /* Frameworks */,
				13B07F8E1A680F5B00A75B9A /* Resources */,
				00DD1BFF1BD5951E006B06BC /* Bundle React Native code and images */,
				00EEFC60759A1932668264C0 /* [CP] Embed Pods Frameworks */,
				E235C05ADACE081382539298 /* [CP] Copy Pods Resources */,
			);
			buildRules = (
			);
			dependencies = (
			);
			name = Bazar;
			productName = Bazar;
			productReference = 13B07F961A680F5B00A75B9A /* Bazar.app */;
			productType = "com.apple.product-type.application";
		};
/* End PBXNativeTarget section */

/* Begin PBXProject section */
		83CBB9F71A601CBA00E9B192 /* Project object */ = {
			isa = PBXProject;
			attributes = {
				LastUpgradeCheck = 1210;
				TargetAttributes = {
					13B07F861A680F5B00A75B9A = {
						LastSwiftMigration = 1120;
					};
				};
			};
			buildConfigurationList = 83CBB9FA1A601CBA00E9B192 /* Build configuration list for PBXProject "Bazar" */;
			compatibilityVersion = "Xcode 12.0";
			developmentRegion = en;
			hasScannedForEncodings = 0;
			knownRegions = (
				en,
				Base,
			);
			mainGroup = 83CBB9F61A601CBA00E9B192;
			productRefGroup = 83CBBA001A601CBA00E9B192 /* Products */;
			projectDirPath = "";
			projectRoot = "";
			targets = (
				13B07F861A680F5B00A75B9A /* Bazar */,
			);
		};
/* End PBXProject section */

/* Begin PBXResourcesBuildPhase section */
		00E356EC1AD99517003FC87E /* Resources */ = {
			isa = PBXResourcesBuildPhase;
			buildActionMask = 2147483647;
			files = (
			);
			runOnlyForDeploymentPostprocessing = 0;
		};
		13B07F8E1A680F5B00A75B9A /* Resources */ = {
			isa = PBXResourcesBuildPhase;
			buildActionMask = 2147483647;
			files = (
				81AB9BB82411601600AC10FF /* LaunchScreen.storyboard in Resources */,
				13B07FBF1A68108700A75B9A /* Images.xcassets in Resources */,
				8EABC633370E48CCAD614105 /* PaytoneOne-Regular.ttf in Resources */,
				EC33ADAB6981489B9BE8C0FD /* Work Sans Bold.ttf in Resources */,
				742FB7A8B0BB4AB1828F847E /* Work Sans Regular.ttf in Resources */,
				4AD1192544BC48EEB3495F86 /* appleicon.jpg in Resources */,
				F470F2950DA54ED7AC0BF754 /* congrats.png in Resources */,
				51F3A11AE3BC4157BA368149 /* googleicon.png in Resources */,
				9908EE13C1574D4B8C5D6596 /* h1.png in Resources */,
				0D597319FBAD4F8D8F4D52D9 /* logo.png in Resources */,
				50729505CB0C4E4FA764E3C6 /* slider1.png in Resources */,
				137C4D9D62B94418B7DDE73E /* slider2.png in Resources */,
				CBEB7D0E40AB43649271CB7B /* slider3.png in Resources */,
				2BC47CAE38EF4DE184E324FF /* v1.png in Resources */,
				9BD0A017395E4B649B07637A /* v2.png in Resources */,
				8327E8974966427A82C6841A /* v3.png in Resources */,
				4CB4D652B97C4352B8E2A4E2 /* v4.png in Resources */,
				FD8CA1AADF1F441F863BF6C5 /* v5.png in Resources */,
				90D9CFA2FCC94024AFECA22D /* v6.png in Resources */,
				96FBFF54F26F4820A2E661DD /* v7.png in Resources */,
				E0E90B7E1C4448C5AF1A997F /* v8.png in Resources */,
				781D1F1B317845BBBD4BDF15 /* avatar.png in Resources */,
				49445A1D788441BA9FC989A8 /* b2.jpg in Resources */,
				F1A036CD6EF1411FAA89AC00 /* b3.jpg in Resources */,
				C3922EC665D0484C8F5627AA /* nb1.jpg in Resources */,
				DE64D3830C2842DA9F3138A3 /* nb2.jpg in Resources */,
				BA585218B6034C4B9AD34564 /* nb3.jpg in Resources */,
				6D9003CA0719414CBB0C8FE0 /* splash.jpg in Resources */,
				55915259790A4F7AB389F59E /* app_icon.png in Resources */,
				810D8ADB0578438484A9246E /* Animation - 1751269552260.json in Resources */,
			);
			runOnlyForDeploymentPostprocessing = 0;
		};
/* End PBXResourcesBuildPhase section */

/* Begin PBXShellScriptBuildPhase section */
		00DD1BFF1BD5951E006B06BC /* Bundle React Native code and images */ = {
			isa = PBXShellScriptBuildPhase;
			buildActionMask = 2147483647;
			files = (
			);
			inputPaths = (
				"$(SRCROOT)/.xcode.env.local",
				"$(SRCROOT)/.xcode.env",
			);
			name = "Bundle React Native code and images";
			outputPaths = (
			);
			runOnlyForDeploymentPostprocessing = 0;
			shellPath = /bin/sh;
			shellScript = "set -e\n\nWITH_ENVIRONMENT=\"$REACT_NATIVE_PATH/scripts/xcode/with-environment.sh\"\nREACT_NATIVE_XCODE=\"$REACT_NATIVE_PATH/scripts/react-native-xcode.sh\"\n\n/bin/sh -c \"$WITH_ENVIRONMENT $REACT_NATIVE_XCODE\"\n";
		};
		00EEFC60759A1932668264C0 /* [CP] Embed Pods Frameworks */ = {
			isa = PBXShellScriptBuildPhase;
			buildActionMask = 2147483647;
			files = (
			);
			inputFileListPaths = (
				"${PODS_ROOT}/Target Support Files/Pods-Bazar/Pods-Bazar-frameworks-${CONFIGURATION}-input-files.xcfilelist",
			);
			name = "[CP] Embed Pods Frameworks";
			outputFileListPaths = (
				"${PODS_ROOT}/Target Support Files/Pods-Bazar/Pods-Bazar-frameworks-${CONFIGURATION}-output-files.xcfilelist",
			);
			runOnlyForDeploymentPostprocessing = 0;
			shellPath = /bin/sh;
			shellScript = "\"${PODS_ROOT}/Target Support Files/Pods-Bazar/Pods-Bazar-frameworks.sh\"\n";
			showEnvVarsInLog = 0;
		};
		C38B50BA6285516D6DCD4F65 /* [CP] Check Pods Manifest.lock */ = {
			isa = PBXShellScriptBuildPhase;
			buildActionMask = 2147483647;
			files = (
			);
			inputFileListPaths = (
			);
			inputPaths = (
				"${PODS_PODFILE_DIR_PATH}/Podfile.lock",
				"${PODS_ROOT}/Manifest.lock",
			);
			name = "[CP] Check Pods Manifest.lock";
			outputFileListPaths = (
			);
			outputPaths = (
				"$(DERIVED_FILE_DIR)/Pods-Bazar-checkManifestLockResult.txt",
			);
			runOnlyForDeploymentPostprocessing = 0;
			shellPath = /bin/sh;
			shellScript = "diff \"${PODS_PODFILE_DIR_PATH}/Podfile.lock\" \"${PODS_ROOT}/Manifest.lock\" > /dev/null\nif [ $? != 0 ] ; then\n    # print error to STDERR\n    echo \"error: The sandbox is not in sync with the Podfile.lock. Run 'pod install' or update your CocoaPods installation.\" >&2\n    exit 1\nfi\n# This output is used by Xcode 'outputs' to avoid re-running this script phase.\necho \"SUCCESS\" > \"${SCRIPT_OUTPUT_FILE_0}\"\n";
			showEnvVarsInLog = 0;
		};
		E235C05ADACE081382539298 /* [CP] Copy Pods Resources */ = {
			isa = PBXShellScriptBuildPhase;
			buildActionMask = 2147483647;
			files = (
			);
			inputFileListPaths = (
				"${PODS_ROOT}/Target Support Files/Pods-Bazar/Pods-Bazar-resources-${CONFIGURATION}-input-files.xcfilelist",
			);
			name = "[CP] Copy Pods Resources";
			outputFileListPaths = (
				"${PODS_ROOT}/Target Support Files/Pods-Bazar/Pods-Bazar-resources-${CONFIGURATION}-output-files.xcfilelist",
			);
			runOnlyForDeploymentPostprocessing = 0;
			shellPath = /bin/sh;
			shellScript = "\"${PODS_ROOT}/Target Support Files/Pods-Bazar/Pods-Bazar-resources.sh\"\n";
			showEnvVarsInLog = 0;
		};
/* End PBXShellScriptBuildPhase section */

/* Begin PBXSourcesBuildPhase section */
		13B07F871A680F5B00A75B9A /* Sources */ = {
			isa = PBXSourcesBuildPhase;
			buildActionMask = 2147483647;
			files = (
				761780ED2CA45674006654EE /* AppDelegate.swift in Sources */,
			);
			runOnlyForDeploymentPostprocessing = 0;
		};
/* End PBXSourcesBuildPhase section */

/* Begin PBXTargetDependency section */
		00E356F51AD99517003FC87E /* PBXTargetDependency */ = {
			isa = PBXTargetDependency;
			target = 13B07F861A680F5B00A75B9A /* Bazar */;
			targetProxy = 00E356F41AD99517003FC87E /* PBXContainerItemProxy */;
		};
/* End PBXTargetDependency section */

/* Begin XCBuildConfiguration section */
		13B07F941A680F5B00A75B9A /* Debug */ = {
			isa = XCBuildConfiguration;
			baseConfigurationReference = 3B4392A12AC88292D35C810B /* Pods-Bazar.debug.xcconfig */;
			buildSettings = {
				ASSETCATALOG_COMPILER_APPICON_NAME = AppIcon;
				CLANG_ENABLE_MODULES = YES;
				CURRENT_PROJECT_VERSION = 1;
				ENABLE_BITCODE = NO;
				INFOPLIST_FILE = Bazar/Info.plist;
				IPHONEOS_DEPLOYMENT_TARGET = 15.1;
				LD_RUNPATH_SEARCH_PATHS = (
					"$(inherited)",
					"@executable_path/Frameworks",
				);
				MARKETING_VERSION = 1.0;
				OTHER_LDFLAGS = (
					"$(inherited)",
					"-ObjC",
					"-lc++",
				);
				PRODUCT_BUNDLE_IDENTIFIER = "org.reactjs.native.example.$(PRODUCT_NAME:rfc1034identifier)";
				PRODUCT_NAME = Bazar;
				SWIFT_OPTIMIZATION_LEVEL = "-Onone";
				SWIFT_VERSION = 5.0;
				VERSIONING_SYSTEM = "apple-generic";
			};
			name = Debug;
		};
		13B07F951A680F5B00A75B9A /* Release */ = {
			isa = XCBuildConfiguration;
			baseConfigurationReference = 5709B34CF0A7D63546082F79 /* Pods-Bazar.release.xcconfig */;
			buildSettings = {
				ASSETCATALOG_COMPILER_APPICON_NAME = AppIcon;
				CLANG_ENABLE_MODULES = YES;
				CURRENT_PROJECT_VERSION = 1;
				INFOPLIST_FILE = Bazar/Info.plist;
				IPHONEOS_DEPLOYMENT_TARGET = 15.1;
				LD_RUNPATH_SEARCH_PATHS = (
					"$(inherited)",
					"@executable_path/Frameworks",
				);
				MARKETING_VERSION = 1.0;
				OTHER_LDFLAGS = (
					"$(inherited)",
					"-ObjC",
					"-lc++",
				);
				PRODUCT_BUNDLE_IDENTIFIER = "org.reactjs.native.example.$(PRODUCT_NAME:rfc1034identifier)";
				PRODUCT_NAME = Bazar;
				SWIFT_VERSION = 5.0;
				VERSIONING_SYSTEM = "apple-generic";
			};
			name = Release;
		};
		83CBBA201A601CBA00E9B192 /* Debug */ = {
			isa = XCBuildConfiguration;
			buildSettings = {
				ALWAYS_SEARCH_USER_PATHS = NO;
				CLANG_ANALYZER_LOCALIZABILITY_NONLOCALIZED = YES;
				CLANG_CXX_LANGUAGE_STANDARD = "c++20";
				CLANG_CXX_LIBRARY = "libc++";
				CLANG_ENABLE_MODULES = YES;
				CLANG_ENABLE_OBJC_ARC = YES;
				CLANG_WARN_BLOCK_CAPTURE_AUTORELEASING = YES;
				CLANG_WARN_BOOL_CONVERSION = YES;
				CLANG_WARN_COMMA = YES;
				CLANG_WARN_CONSTANT_CONVERSION = YES;
				CLANG_WARN_DEPRECATED_OBJC_IMPLEMENTATIONS = YES;
				CLANG_WARN_DIRECT_OBJC_ISA_USAGE = YES_ERROR;
				CLANG_WARN_EMPTY_BODY = YES;
				CLANG_WARN_ENUM_CONVERSION = YES;
				CLANG_WARN_INFINITE_RECURSION = YES;
				CLANG_WARN_INT_CONVERSION = YES;
				CLANG_WARN_NON_LITERAL_NULL_CONVERSION = YES;
				CLANG_WARN_OBJC_IMPLICIT_RETAIN_SELF = YES;
				CLANG_WARN_OBJC_LITERAL_CONVERSION = YES;
				CLANG_WARN_OBJC_ROOT_CLASS = YES_ERROR;
				CLANG_WARN_QUOTED_INCLUDE_IN_FRAMEWORK_HEADER = YES;
				CLANG_WARN_RANGE_LOOP_ANALYSIS = YES;
				CLANG_WARN_STRICT_PROTOTYPES = YES;
				CLANG_WARN_SUSPICIOUS_MOVE = YES;
				CLANG_WARN_UNREACHABLE_CODE = YES;
				CLANG_WARN__DUPLICATE_METHOD_MATCH = YES;
				"CODE_SIGN_IDENTITY[sdk=iphoneos*]" = "iPhone Developer";
				COPY_PHASE_STRIP = NO;
				ENABLE_STRICT_OBJC_MSGSEND = YES;
				ENABLE_TESTABILITY = YES;
				"EXCLUDED_ARCHS[sdk=iphonesimulator*]" = "";
				GCC_C_LANGUAGE_STANDARD = gnu99;
				GCC_DYNAMIC_NO_PIC = NO;
				GCC_NO_COMMON_BLOCKS = YES;
				GCC_OPTIMIZATION_LEVEL = 0;
				GCC_PREPROCESSOR_DEFINITIONS = (
					"DEBUG=1",
					"$(inherited)",
				);
				GCC_SYMBOLS_PRIVATE_EXTERN = NO;
				GCC_WARN_64_TO_32_BIT_CONVERSION = YES;
				GCC_WARN_ABOUT_RETURN_TYPE = YES_ERROR;
				GCC_WARN_UNDECLARED_SELECTOR = YES;
				GCC_WARN_UNINITIALIZED_AUTOS = YES_AGGRESSIVE;
				GCC_WARN_UNUSED_FUNCTION = YES;
				GCC_WARN_UNUSED_VARIABLE = YES;
				IPHONEOS_DEPLOYMENT_TARGET = 15.1;
				LD_RUNPATH_SEARCH_PATHS = (
					/usr/lib/swift,
					"$(inherited)",
				);
				LIBRARY_SEARCH_PATHS = (
					"\"$(SDKROOT)/usr/lib/swift\"",
					"\"$(TOOLCHAIN_DIR)/usr/lib/swift/$(PLATFORM_NAME)\"",
					"\"$(inherited)\"",
				);
				MTL_ENABLE_DEBUG_INFO = YES;
				ONLY_ACTIVE_ARCH = YES;
				OTHER_CPLUSPLUSFLAGS = (
					"$(OTHER_CFLAGS)",
					"-DFOLLY_NO_CONFIG",
					"-DFOLLY_MOBILE=1",
					"-DFOLLY_USE_LIBCPP=1",
					"-DFOLLY_CFG_NO_COROUTINES=1",
					"-DFOLLY_HAVE_CLOCK_GETTIME=1",
				);
				SDKROOT = iphoneos;
			};
			name = Debug;
		};
		83CBBA211A601CBA00E9B192 /* Release */ = {
			isa = XCBuildConfiguration;
			buildSettings = {
				ALWAYS_SEARCH_USER_PATHS = NO;
				CLANG_ANALYZER_LOCALIZABILITY_NONLOCALIZED = YES;
				CLANG_CXX_LANGUAGE_STANDARD = "c++20";
				CLANG_CXX_LIBRARY = "libc++";
				CLANG_ENABLE_MODULES = YES;
				CLANG_ENABLE_OBJC_ARC = YES;
				CLANG_WARN_BLOCK_CAPTURE_AUTORELEASING = YES;
				CLANG_WARN_BOOL_CONVERSION = YES;
				CLANG_WARN_COMMA = YES;
				CLANG_WARN_CONSTANT_CONVERSION = YES;
				CLANG_WARN_DEPRECATED_OBJC_IMPLEMENTATIONS = YES;
				CLANG_WARN_DIRECT_OBJC_ISA_USAGE = YES_ERROR;
				CLANG_WARN_EMPTY_BODY = YES;
				CLANG_WARN_ENUM_CONVERSION = YES;
				CLANG_WARN_INFINITE_RECURSION = YES;
				CLANG_WARN_INT_CONVERSION = YES;
				CLANG_WARN_NON_LITERAL_NULL_CONVERSION = YES;
				CLANG_WARN_OBJC_IMPLICIT_RETAIN_SELF = YES;
				CLANG_WARN_OBJC_LITERAL_CONVERSION = YES;
				CLANG_WARN_OBJC_ROOT_CLASS = YES_ERROR;
				CLANG_WARN_QUOTED_INCLUDE_IN_FRAMEWORK_HEADER = YES;
				CLANG_WARN_RANGE_LOOP_ANALYSIS = YES;
				CLANG_WARN_STRICT_PROTOTYPES = YES;
				CLANG_WARN_SUSPICIOUS_MOVE = YES;
				CLANG_WARN_UNREACHABLE_CODE = YES;
				CLANG_WARN__DUPLICATE_METHOD_MATCH = YES;
				"CODE_SIGN_IDENTITY[sdk=iphoneos*]" = "iPhone Developer";
				COPY_PHASE_STRIP = YES;
				ENABLE_NS_ASSERTIONS = NO;
				ENABLE_STRICT_OBJC_MSGSEND = YES;
				"EXCLUDED_ARCHS[sdk=iphonesimulator*]" = "";
				GCC_C_LANGUAGE_STANDARD = gnu99;
				GCC_NO_COMMON_BLOCKS = YES;
				GCC_WARN_64_TO_32_BIT_CONVERSION = YES;
				GCC_WARN_ABOUT_RETURN_TYPE = YES_ERROR;
				GCC_WARN_UNDECLARED_SELECTOR = YES;
				GCC_WARN_UNINITIALIZED_AUTOS = YES_AGGRESSIVE;
				GCC_WARN_UNUSED_FUNCTION = YES;
				GCC_WARN_UNUSED_VARIABLE = YES;
				IPHONEOS_DEPLOYMENT_TARGET = 15.1;
				LD_RUNPATH_SEARCH_PATHS = (
					/usr/lib/swift,
					"$(inherited)",
				);
				LIBRARY_SEARCH_PATHS = (
					"\"$(SDKROOT)/usr/lib/swift\"",
					"\"$(TOOLCHAIN_DIR)/usr/lib/swift/$(PLATFORM_NAME)\"",
					"\"$(inherited)\"",
				);
				MTL_ENABLE_DEBUG_INFO = NO;
				OTHER_CPLUSPLUSFLAGS = (
					"$(OTHER_CFLAGS)",
					"-DFOLLY_NO_CONFIG",
					"-DFOLLY_MOBILE=1",
					"-DFOLLY_USE_LIBCPP=1",
					"-DFOLLY_CFG_NO_COROUTINES=1",
					"-DFOLLY_HAVE_CLOCK_GETTIME=1",
				);
				SDKROOT = iphoneos;
				VALIDATE_PRODUCT = YES;
			};
			name = Release;
		};
/* End XCBuildConfiguration section */

/* Begin XCConfigurationList section */
		13B07F931A680F5B00A75B9A /* Build configuration list for PBXNativeTarget "Bazar" */ = {
			isa = XCConfigurationList;
			buildConfigurations = (
				13B07F941A680F5B00A75B9A /* Debug */,
				13B07F951A680F5B00A75B9A /* Release */,
			);
			defaultConfigurationIsVisible = 0;
			defaultConfigurationName = Release;
		};
		83CBB9FA1A601CBA00E9B192 /* Build configuration list for PBXProject "Bazar" */ = {
			isa = XCConfigurationList;
			buildConfigurations = (
				83CBBA201A601CBA00E9B192 /* Debug */,
				83CBBA211A601CBA00E9B192 /* Release */,
			);
			defaultConfigurationIsVisible = 0;
			defaultConfigurationName = Release;
		};
/* End XCConfigurationList section */
	};
	rootObject = 83CBB9F71A601CBA00E9B192 /* Project object */;
}
